{
  "name": "Express-http3",
  "lockfileVersion": 3,
  "requires": true,
  "packages": {
    "": {
      "dependencies": {
        "h3": "^1.7.1"
      }
    },
    "node_modules/cookie-es": {
      "version": "1.0.0",
      "resolved": "https://registry.npmjs.org/cookie-es/-/cookie-es-1.0.0.tgz",
      "integrity": "sha512-mWYvfOLrfEc996hlKcdABeIiPHUPC6DM2QYZdGGOvhOTbA3tjm2eBwqlJpoFdjC89NI4Qt6h0Pu06Mp+1Pj5OQ=="
    },
    "node_modules/defu": {
      "version": "6.1.2",
      "resolved": "https://registry.npmjs.org/defu/-/defu-6.1.2.tgz",
      "integrity": "sha512-+uO4+qr7msjNNWKYPHqN/3+Dx3NFkmIzayk2L1MyZQlvgZb/J1A0fo410dpKrN2SnqFjt8n4JL8fDJE0wIgjFQ=="
    },
    "node_modules/destr": {
      "version": "2.0.0",
      "resolved": "https://registry.npmjs.org/destr/-/destr-2.0.0.tgz",
      "integrity": "sha512-FJ9RDpf3GicEBvzI3jxc2XhHzbqD8p4ANw/1kPsFBfTvP1b7Gn/Lg1vO7R9J4IVgoMbyUmFrFGZafJ1hPZpvlg=="
    },
    "node_modules/h3": {
      "version": "1.7.1",
      "resolved": "https://registry.npmjs.org/h3/-/h3-1.7.1.tgz",
      "integrity": "sha512-A9V2NEDNHet7v1gCg7CMwerSigLi0SRbhTy7C3lGb0N4YKIpPmLDjedTUopqp4dnn7COHfqUjjaz3zbtz4QduA==",
      "dependencies": {
        "cookie-es": "^1.0.0",
        "defu": "^6.1.2",
        "destr": "^2.0.0",
        "iron-webcrypto": "^0.7.0",
        "radix3": "^1.0.1",
        "ufo": "^1.1.2",
        "uncrypto": "^0.1.3"
      }
    },
    "node_modules/iron-webcrypto": {
      "version": "0.7.1",
      "resolved": "https://registry.npmjs.org/iron-webcrypto/-/iron-webcrypto-0.7.1.tgz",
      "integrity": "sha512-K/UmlEhPCPXEHV5hAtH5C0tI5JnFuOrv4yO/j7ODPl3HaiiHBLbOLTde+ieUaAyfCATe4LoAnclyF+hmSCOVmQ==",
      "funding": {
        "url": "https://github.com/sponsors/brc-dd"
      }
    },
    "node_modules/radix3": {
      "version": "1.0.1",
      "resolved": "https://registry.npmjs.org/radix3/-/radix3-1.0.1.tgz",
      "integrity": "sha512-y+AcwZ3HcUIGc9zGsNVf5+BY/LxL+z+4h4J3/pp8jxSmy1STaCocPS3qrj4tA5ehUSzqtqK+0Aygvz/r/8vy4g=="
    },
    "node_modules/ufo": {
      "version": "1.2.0",
      "resolved": "https://registry.npmjs.org/ufo/-/ufo-1.2.0.tgz",
      "integrity": "sha512-RsPyTbqORDNDxqAdQPQBpgqhWle1VcTSou/FraClYlHf6TZnQcGslpLcAphNR+sQW4q5lLWLbOsRlh9j24baQg=="
    },
    "node_modules/uncrypto": {
      "version": "0.1.3",
      "resolved": "https://registry.npmjs.org/uncrypto/-/uncrypto-0.1.3.tgz",
      "integrity": "sha512-Ql87qFHB3s/De2ClA9e0gsnS6zXG27SkTiSJwjCc9MebbfapQfuPzumMIUMi38ezPZVNFcHI9sUIepeQfw8J8Q=="
    }
  }
}
